
Microsoft Visual Studio Solution File, Format Version 12.00
# Visual Studio Version 17
VisualStudioVersion = 17.6.33829.357
MinimumVisualStudioVersion = 10.0.40219.1
Project("{FAE04EC0-301F-11D3-BF4B-00C04F79EFBC}") = "ExaminationSystemApp", "ExaminationSystemApp\ExaminationSystemApp.csproj", "{3296CC90-4AD4-4711-B834-40E12A18E884}"
EndProject
Global
	GlobalSection(SolutionConfigurationPlatforms) = preSolution
		Debug|Any CPU = Debug|Any CPU
		Release|Any CPU = Release|Any CPU
	EndGlobalSection
	GlobalSection(ProjectConfigurationPlatforms) = postSolution
		{3296CC90-4AD4-4711-B834-40E12A18E884}.Debug|Any CPU.ActiveCfg = Debug|Any CPU
		{3296CC90-4AD4-4711-B834-40E12A18E884}.Debug|Any CPU.Build.0 = Debug|Any CPU
		{3296CC90-4AD4-4711-B834-40E12A18E884}.Release|Any CPU.ActiveCfg = Release|Any CPU
		{3296CC90-4AD4-4711-B834-40E12A18E884}.Release|Any CPU.Build.0 = Release|Any CPU
	EndGlobalSection
	GlobalSection(SolutionProperties) = preSolution
		HideSolutionNode = FALSE
	EndGlobalSection
	GlobalSection(ExtensibilityGlobals) = postSolution
		SolutionGuid = {E758C671-3FFD-44FF-A9DD-97BCC9D2D046}
	EndGlobalSection
EndGlobal
